// !$*UTF8*$!
{
	archiveVersion = 1;
	classes = {
	};
	objectVersion = 46;
	objects = {

/* Begin PBXBuildFile section */
		2763064F1CE4D0B70052B0EA /* AppDelegate.swift in Sources */ = {isa = PBXBuildFile; fileRef = 2763064E1CE4D0B70052B0EA /* AppDelegate.swift */; };
		276306531CE4D0B70052B0EA /* Assets.xcassets in Resources */ = {isa = PBXBuildFile; fileRef = 276306521CE4D0B70052B0EA /* Assets.xcassets */; };
/* End PBXBuildFile section */

/* Begin PBXFileReference section */
		2763064B1CE4D0B70052B0EA /* aNAASAGlimpse.app */ = {isa = PBXFileReference; explicitFileType = wrapper.application; includeInIndex = 0; path = aNAASAGlimpse.app; sourceTree = BUILT_PRODUCTS_DIR; };
		2763064E1CE4D0B70052B0EA /* AppDelegate.swift */ = {isa = PBXFileReference; lastKnownFileType = sourcecode.swift; path = AppDelegate.swift; sourceTree = "<group>"; };
		276306511CE4D0B70052B0EA /* application.js */ = {isa = PBXFileReference; lastKnownFileType = sourcecode.javascript; path = application.js; sourceTree = "<group>"; };
		276306521CE4D0B70052B0EA /* Assets.xcassets */ = {isa = PBXFileReference; lastKnownFileType = folder.assetcatalog; path = Assets.xcassets; sourceTree = "<group>"; };
		276306541CE4D0B70052B0EA /* Info.plist */ = {isa = PBXFileReference; lastKnownFileType = text.plist.xml; path = Info.plist; sourceTree = "<group>"; };
/* End PBXFileReference section */

/* Begin PBXFrameworksBuildPhase section */
		276306481CE4D0B70052B0EA /* Frameworks */ = {
			isa = PBXFrameworksBuildPhase;
			buildActionMask = 2147483647;
			files = (
			);
			runOnlyForDeploymentPostprocessing = 0;
		};
/* End PBXFrameworksBuildPhase section */

/* Begin PBXGroup section */
		276306421CE4D0B70052B0EA = {
			isa = PBXGroup;
			children = (
				2763064D1CE4D0B70052B0EA /* aNAASAGlimpse */,
				2763064C1CE4D0B70052B0EA /* Products */,
			);
			sourceTree = "<group>";
		};
		2763064C1CE4D0B70052B0EA /* Products */ = {
			isa = PBXGroup;
			children = (
				2763064B1CE4D0B70052B0EA /* aNAASAGlimpse.app */,
			);
			name = Products;
			sourceTree = "<group>";
		};
		2763064D1CE4D0B70052B0EA /* aNAASAGlimpse */ = {
			isa = PBXGroup;
			children = (
				2763064E1CE4D0B70052B0EA /* AppDelegate.swift */,
				276306521CE4D0B70052B0EA /* Assets.xcassets */,
				276306541CE4D0B70052B0EA /* Info.plist */,
				276306501CE4D0B70052B0EA /* Supporting Files */,
			);
			path = aNAASAGlimpse;
			sourceTree = "<group>";
		};
		276306501CE4D0B70052B0EA /* Supporting Files */ = {
			isa = PBXGroup;
			children = (
				276306511CE4D0B70052B0EA /* application.js */,
			);
			name = "Supporting Files";
			sourceTree = "<group>";
		};
/* End PBXGroup section */

/* Begin PBXNativeTarget section */
		2763064A1CE4D0B70052B0EA /* aNAASAGlimpse */ = {
			isa = PBXNativeTarget;
			buildConfigurationList = 276306571CE4D0B70052B0EA /* Build configuration list for PBXNativeTarget "aNAASAGlimpse" */;
			buildPhases = (
				276306471CE4D0B70052B0EA /* Sources */,
				276306481CE4D0B70052B0EA /* Frameworks */,
				276306491CE4D0B70052B0EA /* Resources */,
			);
			buildRules = (
			);
			dependencies = (
			);
			name = aNAASAGlimpse;
			productName = aNAASAGlimpse;
			productReference = 2763064B1CE4D0B70052B0EA /* aNAASAGlimpse.app */;
			productType = "com.apple.product-type.application";
		};
/* End PBXNativeTarget section */

/* Begin PBXProject section */
		276306431CE4D0B70052B0EA /* Project object */ = {
			isa = PBXProject;
			attributes = {
				LastSwiftUpdateCheck = 0730;
				LastUpgradeCheck = 0730;
				ORGANIZATIONNAME = SqueakRos;
				TargetAttributes = {
					2763064A1CE4D0B70052B0EA = {
						CreatedOnToolsVersion = 7.3;
						DevelopmentTeam = 7W2NZ38894;
					};
				};
			};
			buildConfigurationList = 276306461CE4D0B70052B0EA /* Build configuration list for PBXProject "aNAASAGlimpse" */;
			compatibilityVersion = "Xcode 3.2";
			developmentRegion = English;
			hasScannedForEncodings = 0;
			knownRegions = (
				en,
			);
			mainGroup = 276306421CE4D0B70052B0EA;
			productRefGroup = 2763064C1CE4D0B70052B0EA /* Products */;
			projectDirPath = "";
			projectRoot = "";
			targets = (
				2763064A1CE4D0B70052B0EA /* aNAASAGlimpse */,
			);
		};
/* End PBXProject section */

/* Begin PBXResourcesBuildPhase section */
		276306491CE4D0B70052B0EA /* Resources */ = {
			isa = PBXResourcesBuildPhase;
			buildActionMask = 2147483647;
			files = (
				276306531CE4D0B70052B0EA /* Assets.xcassets in Resources */,
			);
			runOnlyForDeploymentPostprocessing = 0;
		};
/* End PBXResourcesBuildPhase section */

/* Begin PBXSourcesBuildPhase section */
		276306471CE4D0B70052B0EA /* Sources */ = {
			isa = PBXSourcesBuildPhase;
			buildActionMask = 2147483647;
			files = (
				2763064F1CE4D0B70052B0EA /* AppDelegate.swift in Sources */,
			);
			runOnlyForDeploymentPostprocessing = 0;
		};
/* End PBXSourcesBuildPhase section */

/* Begin XCBuildConfiguration section */
		276306551CE4D0B70052B0EA /* Debug */ = {
			isa = XCBuildConfiguration;
			buildSettings = {
				ALWAYS_SEARCH_USER_PATHS = NO;
				CLANG_ANALYZER_NONNULL = YES;
				CLANG_CXX_LANGUAGE_STANDARD = "gnu++0x";
				CLANG_CXX_LIBRARY = "libc++";
				CLANG_ENABLE_MODULES = YES;
				CLANG_ENABLE_OBJC_ARC = YES;
				CLANG_WARN_BOOL_CONVERSION = YES;
				CLANG_WARN_CONSTANT_CONVERSION = YES;
				CLANG_WARN_DIRECT_OBJC_ISA_USAGE = YES_ERROR;
				CLANG_WARN_EMPTY_BODY = YES;
				CLANG_WARN_ENUM_CONVERSION = YES;
				CLANG_WARN_INT_CONVERSION = YES;
				CLANG_WARN_OBJC_ROOT_CLASS = YES_ERROR;
				CLANG_WARN_UNREACHABLE_CODE = YES;
				CLANG_WARN__DUPLICATE_METHOD_MATCH = YES;
				COPY_PHASE_STRIP = NO;
				DEBUG_INFORMATION_FORMAT = dwarf;
				ENABLE_STRICT_OBJC_MSGSEND = YES;
				ENABLE_TESTABILITY = YES;
				GCC_C_LANGUAGE_STANDARD = gnu99;
				GCC_DYNAMIC_NO_PIC = NO;
				GCC_NO_COMMON_BLOCKS = YES;
				GCC_OPTIMIZATION_LEVEL = 0;
				GCC_PREPROCESSOR_DEFINITIONS = (
					"DEBUG=1",
					"$(inherited)",
				);
				GCC_WARN_64_TO_32_BIT_CONVERSION = YES;
				GCC_WARN_ABOUT_RETURN_TYPE = YES_ERROR;
				GCC_WARN_UNDECLARED_SELECTOR = YES;
				GCC_WARN_UNINITIALIZED_AUTOS = YES_AGGRESSIVE;
				GCC_WARN_UNUSED_FUNCTION = YES;
				GCC_WARN_UNUSED_VARIABLE = YES;
				MTL_ENABLE_DEBUG_INFO = YES;
				ONLY_ACTIVE_ARCH = YES;
				SDKROOT = appletvos;
				SWIFT_OPTIMIZATION_LEVEL = "-Onone";
				TARGETED_DEVICE_FAMILY = 3;
				TVOS_DEPLOYMENT_TARGET = 9.2;
			};
			name = Debug;
		};
		276306561CE4D0B70052B0EA /* Release */ = {
			isa = XCBuildConfiguration;
			buildSettings = {
				ALWAYS_SEARCH_USER_PATHS = NO;
				CLANG_ANALYZER_NONNULL = YES;
				CLANG_CXX_LANGUAGE_STANDARD = "gnu++0x";
				CLANG_CXX_LIBRARY = "libc++";
				CLANG_ENABLE_MODULES = YES;
				CLANG_ENABLE_OBJC_ARC = YES;
				CLANG_WARN_BOOL_CONVERSION = YES;
				CLANG_WARN_CONSTANT_CONVERSION = YES;
				CLANG_WARN_DIRECT_OBJC_ISA_USAGE = YES_ERROR;
				CLANG_WARN_EMPTY_BODY = YES;
				CLANG_WARN_ENUM_CONVERSION = YES;
				CLANG_WARN_INT_CONVERSION = YES;
				CLANG_WARN_OBJC_ROOT_CLASS = YES_ERROR;
				CLANG_WARN_UNREACHABLE_CODE = YES;
				CLANG_WARN__DUPLICATE_METHOD_MATCH = YES;
				COPY_PHASE_STRIP = NO;
				DEBUG_INFORMATION_FORMAT = "dwarf-with-dsym";
				ENABLE_NS_ASSERTIONS = NO;
				ENABLE_STRICT_OBJC_MSGSEND = YES;
				GCC_C_LANGUAGE_STANDARD = gnu99;
				GCC_NO_COMMON_BLOCKS = YES;
				GCC_WARN_64_TO_32_BIT_CONVERSION = YES;
				GCC_WARN_ABOUT_RETURN_TYPE = YES_ERROR;
				GCC_WARN_UNDECLARED_SELECTOR = YES;
				GCC_WARN_UNINITIALIZED_AUTOS = YES_AGGRESSIVE;
				GCC_WARN_UNUSED_FUNCTION = YES;
				GCC_WARN_UNUSED_VARIABLE = YES;
				MTL_ENABLE_DEBUG_INFO = NO;
				SDKROOT = appletvos;
				TARGETED_DEVICE_FAMILY = 3;
				TVOS_DEPLOYMENT_TARGET = 9.2;
				VALIDATE_PRODUCT = YES;
			};
			name = Release;
		};
		276306581CE4D0B70052B0EA /* Debug */ = {
			isa = XCBuildConfiguration;
			buildSettings = {
				ASSETCATALOG_COMPILER_APPICON_NAME = "App Icon & Top Shelf Image";
				ASSETCATALOG_COMPILER_LAUNCHIMAGE_NAME = LaunchImage;
				INFOPLIST_FILE = aNAASAGlimpse/Info.plist;
				LD_RUNPATH_SEARCH_PATHS = "$(inherited) @executable_path/Frameworks";
				PRODUCT_BUNDLE_IDENTIFIER = Sr.aNAASAGlimpse;
				PRODUCT_NAME = "$(TARGET_NAME)";
			};
			name = Debug;
		};
		276306591CE4D0B70052B0EA /* Release */ = {
			isa = XCBuildConfiguration;
			buildSettings = {
				ASSETCATALOG_COMPILER_APPICON_NAME = "App Icon & Top Shelf Image";
				ASSETCATALOG_COMPILER_LAUNCHIMAGE_NAME = LaunchImage;
				INFOPLIST_FILE = aNAASAGlimpse/Info.plist;
				LD_RUNPATH_SEARCH_PATHS = "$(inherited) @executable_path/Frameworks";
				PRODUCT_BUNDLE_IDENTIFIER = Sr.aNAASAGlimpse;
				PRODUCT_NAME = "$(TARGET_NAME)";
			};
			name = Release;
		};
/* End XCBuildConfiguration section */

/* Begin XCConfigurationList section */
		276306461CE4D0B70052B0EA /* Build configuration list for PBXProject "aNAASAGlimpse" */ = {
			isa = XCConfigurationList;
			buildConfigurations = (
				276306551CE4D0B70052B0EA /* Debug */,
				276306561CE4D0B70052B0EA /* Release */,
			);
			defaultConfigurationIsVisible = 0;
			defaultConfigurationName = Release;
		};
		276306571CE4D0B70052B0EA /* Build configuration list for PBXNativeTarget "aNAASAGlimpse" */ = {
			isa = XCConfigurationList;
			buildConfigurations = (
				276306581CE4D0B70052B0EA /* Debug */,
				276306591CE4D0B70052B0EA /* Release */,
			);
			defaultConfigurationIsVisible = 0;
		};
/* End XCConfigurationList section */
	};
	rootObject = 276306431CE4D0B70052B0EA /* Project object */;
}
